
Microsoft Visual Studio Solution File, Format Version 12.00
# Visual Studio 15
VisualStudioVersion = 15.0.28307.106
MinimumVisualStudioVersion = 10.0.40219.1
Project("{FAE04EC0-301F-11D3-BF4B-00C04F79EFBC}") = "HoI4FlagStretch", "HoI4FlagStretch\HoI4FlagStretch.csproj", "{FC6D46EA-4FA2-4DD9-9DE2-4A3F33CBE577}"
EndProject
Global
	GlobalSection(SolutionConfigurationPlatforms) = preSolution
		Debug|Any CPU = Debug|Any CPU
		Release|Any CPU = Release|Any CPU
	EndGlobalSection
	GlobalSection(ProjectConfigurationPlatforms) = postSolution
		{FC6D46EA-4FA2-4DD9-9DE2-4A3F33CBE577}.Debug|Any CPU.ActiveCfg = Debug|Any CPU
		{FC6D46EA-4FA2-4DD9-9DE2-4A3F33CBE577}.Debug|Any CPU.Build.0 = Debug|Any CPU
		{FC6D46EA-4FA2-4DD9-9DE2-4A3F33CBE577}.Release|Any CPU.ActiveCfg = Release|Any CPU
		{FC6D46EA-4FA2-4DD9-9DE2-4A3F33CBE577}.Release|Any CPU.Build.0 = Release|Any CPU
	EndGlobalSection
	GlobalSection(SolutionProperties) = preSolution
		HideSolutionNode = FALSE
	EndGlobalSection
	GlobalSection(ExtensibilityGlobals) = postSolution
		SolutionGuid = {50CFE5B1-4FF2-4193-9846-51BA9B2AB58E}
	EndGlobalSection
EndGlobal
